
Microsoft Visual Studio Solution File, Format Version 12.00
# Visual Studio 15
VisualStudioVersion = 15.0.28010.2003
MinimumVisualStudioVersion = 10.0.40219.1
Project("{8BC9CEB8-8B4A-11D0-8D11-00A0C91BC942}") = "坦克大战", "坦克大战\坦克大战.vcxproj", "{ED903AA5-851E-42DA-B4B1-DDEB34CD9E81}"
EndProject
Global
	GlobalSection(SolutionConfigurationPlatforms) = preSolution
		Debug|x64 = Debug|x64
		Debug|x86 = Debug|x86
		Release|x64 = Release|x64
		Release|x86 = Release|x86
	EndGlobalSection
	GlobalSection(ProjectConfigurationPlatforms) = postSolution
		{ED903AA5-851E-42DA-B4B1-DDEB34CD9E81}.Debug|x64.ActiveCfg = Debug|x64
		{ED903AA5-851E-42DA-B4B1-DDEB34CD9E81}.Debug|x64.Build.0 = Debug|x64
		{ED903AA5-851E-42DA-B4B1-DDEB34CD9E81}.Debug|x86.ActiveCfg = Debug|Win32
		{ED903AA5-851E-42DA-B4B1-DDEB34CD9E81}.Debug|x86.Build.0 = Debug|Win32
		{ED903AA5-851E-42DA-B4B1-DDEB34CD9E81}.Release|x64.ActiveCfg = Release|x64
		{ED903AA5-851E-42DA-B4B1-DDEB34CD9E81}.Release|x64.Build.0 = Release|x64
		{ED903AA5-851E-42DA-B4B1-DDEB34CD9E81}.Release|x86.ActiveCfg = Release|Win32
		{ED903AA5-851E-42DA-B4B1-DDEB34CD9E81}.Release|x86.Build.0 = Release|Win32
	EndGlobalSection
	GlobalSection(SolutionProperties) = preSolution
		HideSolutionNode = FALSE
	EndGlobalSection
	GlobalSection(ExtensibilityGlobals) = postSolution
		SolutionGuid = {7A121F86-02CB-493A-8C62-B85EAB914766}
	EndGlobalSection
EndGlobal
